// !$*UTF8*$!
{
	archiveVersion = 1;
	classes = {
	};
	objectVersion = 77;
	objects = {

/* Begin PBXContainerItemProxy section */
		AF43D41A2D9334D300EF0ACD /* PBXContainerItemProxy */ = {
			isa = PBXContainerItemProxy;
			containerPortal = AF43D3FB2D9334D000EF0ACD /* Project object */;
			proxyType = 1;
			remoteGlobalIDString = AF43D4022D9334D000EF0ACD;
			remoteInfo = AutoTrackApp;
		};
		AF43D4242D9334D300EF0ACD /* PBXContainerItemProxy */ = {
			isa = PBXContainerItemProxy;
			containerPortal = AF43D3FB2D9334D000EF0ACD /* Project object */;
			proxyType = 1;
			remoteGlobalIDString = AF43D4022D9334D000EF0ACD;
			remoteInfo = AutoTrackApp;
		};
/* End PBXContainerItemProxy section */

/* Begin PBXFileReference section */
		AF43D4032D9334D000EF0ACD /* AutoTrackApp.app */ = {isa = PBXFileReference; explicitFileType = wrapper.application; includeInIndex = 0; path = AutoTrackApp.app; sourceTree = BUILT_PRODUCTS_DIR; };
		AF43D4192D9334D300EF0ACD /* AutoTrackAppTests.xctest */ = {isa = PBXFileReference; explicitFileType = wrapper.cfbundle; includeInIndex = 0; path = AutoTrackAppTests.xctest; sourceTree = BUILT_PRODUCTS_DIR; };
		AF43D4232D9334D300EF0ACD /* AutoTrackAppUITests.xctest */ = {isa = PBXFileReference; explicitFileType = wrapper.cfbundle; includeInIndex = 0; path = AutoTrackAppUITests.xctest; sourceTree = BUILT_PRODUCTS_DIR; };
/* End PBXFileReference section */

/* Begin PBXFileSystemSynchronizedBuildFileExceptionSet section */
		AF43D42B2D9334D300EF0ACD /* Exceptions for "AutoTrackApp" folder in "AutoTrackApp" target */ = {
			isa = PBXFileSystemSynchronizedBuildFileExceptionSet;
			membershipExceptions = (
				Info.plist,
			);
			target = AF43D4022D9334D000EF0ACD /* AutoTrackApp */;
		};
/* End PBXFileSystemSynchronizedBuildFileExceptionSet section */

/* Begin PBXFileSystemSynchronizedRootGroup section */
		AF43D4052D9334D000EF0ACD /* AutoTrackApp */ = {
			isa = PBXFileSystemSynchronizedRootGroup;
			exceptions = (
				AF43D42B2D9334D300EF0ACD /* Exceptions for "AutoTrackApp" folder in "AutoTrackApp" target */,
			);
			path = AutoTrackApp;
			sourceTree = "<group>";
		};
		AF43D41C2D9334D300EF0ACD /* AutoTrackAppTests */ = {
			isa = PBXFileSystemSynchronizedRootGroup;
			path = AutoTrackAppTests;
			sourceTree = "<group>";
		};
		AF43D4262D9334D300EF0ACD /* AutoTrackAppUITests */ = {
			isa = PBXFileSystemSynchronizedRootGroup;
			path = AutoTrackAppUITests;
			sourceTree = "<group>";
		};
/* End PBXFileSystemSynchronizedRootGroup section */

/* Begin PBXFrameworksBuildPhase section */
		AF43D4002D9334D000EF0ACD /* Frameworks */ = {
			isa = PBXFrameworksBuildPhase;
			buildActionMask = 2147483647;
			files = (
			);
			runOnlyForDeploymentPostprocessing = 0;
		};
		AF43D4162D9334D300EF0ACD /* Frameworks */ = {
			isa = PBXFrameworksBuildPhase;
			buildActionMask = 2147483647;
			files = (
			);
			runOnlyForDeploymentPostprocessing = 0;
		};
		AF43D4202D9334D300EF0ACD /* Frameworks */ = {
			isa = PBXFrameworksBuildPhase;
			buildActionMask = 2147483647;
			files = (
			);
			runOnlyForDeploymentPostprocessing = 0;
		};
/* End PBXFrameworksBuildPhase section */

/* Begin PBXGroup section */
		AF43D3FA2D9334D000EF0ACD = {
			isa = PBXGroup;
			children = (
				AF43D4052D9334D000EF0ACD /* AutoTrackApp */,
				AF43D41C2D9334D300EF0ACD /* AutoTrackAppTests */,
				AF43D4262D9334D300EF0ACD /* AutoTrackAppUITests */,
				AF43D4042D9334D000EF0ACD /* Products */,
			);
			sourceTree = "<group>";
		};
		AF43D4042D9334D000EF0ACD /* Products */ = {
			isa = PBXGroup;
			children = (
				AF43D4032D9334D000EF0ACD /* AutoTrackApp.app */,
				AF43D4192D9334D300EF0ACD /* AutoTrackAppTests.xctest */,
				AF43D4232D9334D300EF0ACD /* AutoTrackAppUITests.xctest */,
			);
			name = Products;
			sourceTree = "<group>";
		};
/* End PBXGroup section */

/* Begin PBXNativeTarget section */
		AF43D4022D9334D000EF0ACD /* AutoTrackApp */ = {
			isa = PBXNativeTarget;
			buildConfigurationList = AF43D42C2D9334D300EF0ACD /* Build configuration list for PBXNativeTarget "AutoTrackApp" */;
			buildPhases = (
				AF43D3FF2D9334D000EF0ACD /* Sources */,
				AF43D4002D9334D000EF0ACD /* Frameworks */,
				AF43D4012D9334D000EF0ACD /* Resources */,
			);
			buildRules = (
			);
			dependencies = (
			);
			fileSystemSynchronizedGroups = (
				AF43D4052D9334D000EF0ACD /* AutoTrackApp */,
			);
			name = AutoTrackApp;
			packageProductDependencies = (
			);
			productName = AutoTrackApp;
			productReference = AF43D4032D9334D000EF0ACD /* AutoTrackApp.app */;
			productType = "com.apple.product-type.application";
		};
		AF43D4182D9334D300EF0ACD /* AutoTrackAppTests */ = {
			isa = PBXNativeTarget;
			buildConfigurationList = AF43D4312D9334D300EF0ACD /* Build configuration list for PBXNativeTarget "AutoTrackAppTests" */;
			buildPhases = (
				AF43D4152D9334D300EF0ACD /* Sources */,
				AF43D4162D9334D300EF0ACD /* Frameworks */,
				AF43D4172D9334D300EF0ACD /* Resources */,
			);
			buildRules = (
			);
			dependencies = (
				AF43D41B2D9334D300EF0ACD /* PBXTargetDependency */,
			);
			fileSystemSynchronizedGroups = (
				AF43D41C2D9334D300EF0ACD /* AutoTrackAppTests */,
			);
			name = AutoTrackAppTests;
			packageProductDependencies = (
			);
			productName = AutoTrackAppTests;
			productReference = AF43D4192D9334D300EF0ACD /* AutoTrackAppTests.xctest */;
			productType = "com.apple.product-type.bundle.unit-test";
		};
		AF43D4222D9334D300EF0ACD /* AutoTrackAppUITests */ = {
			isa = PBXNativeTarget;
			buildConfigurationList = AF43D4342D9334D300EF0ACD /* Build configuration list for PBXNativeTarget "AutoTrackAppUITests" */;
			buildPhases = (
				AF43D41F2D9334D300EF0ACD /* Sources */,
				AF43D4202D9334D300EF0ACD /* Frameworks */,
				AF43D4212D9334D300EF0ACD /* Resources */,
			);
			buildRules = (
			);
			dependencies = (
				AF43D4252D9334D300EF0ACD /* PBXTargetDependency */,
			);
			fileSystemSynchronizedGroups = (
				AF43D4262D9334D300EF0ACD /* AutoTrackAppUITests */,
			);
			name = AutoTrackAppUITests;
			packageProductDependencies = (
			);
			productName = AutoTrackAppUITests;
			productReference = AF43D4232D9334D300EF0ACD /* AutoTrackAppUITests.xctest */;
			productType = "com.apple.product-type.bundle.ui-testing";
		};
/* End PBXNativeTarget section */

/* Begin PBXProject section */
		AF43D3FB2D9334D000EF0ACD /* Project object */ = {
			isa = PBXProject;
			attributes = {
				BuildIndependentTargetsInParallel = 1;
				LastSwiftUpdateCheck = 1620;
				LastUpgradeCheck = 1620;
				TargetAttributes = {
					AF43D4022D9334D000EF0ACD = {
						CreatedOnToolsVersion = 16.2;
					};
					AF43D4182D9334D300EF0ACD = {
						CreatedOnToolsVersion = 16.2;
						TestTargetID = AF43D4022D9334D000EF0ACD;
					};
					AF43D4222D9334D300EF0ACD = {
						CreatedOnToolsVersion = 16.2;
						TestTargetID = AF43D4022D9334D000EF0ACD;
					};
				};
			};
			buildConfigurationList = AF43D3FE2D9334D000EF0ACD /* Build configuration list for PBXProject "AutoTrackApp" */;
			developmentRegion = en;
			hasScannedForEncodings = 0;
			knownRegions = (
				en,
				Base,
			);
			mainGroup = AF43D3FA2D9334D000EF0ACD;
			minimizedProjectReferenceProxies = 1;
			preferredProjectObjectVersion = 77;
			productRefGroup = AF43D4042D9334D000EF0ACD /* Products */;
			projectDirPath = "";
			projectRoot = "";
			targets = (
				AF43D4022D9334D000EF0ACD /* AutoTrackApp */,
				AF43D4182D9334D300EF0ACD /* AutoTrackAppTests */,
				AF43D4222D9334D300EF0ACD /* AutoTrackAppUITests */,
			);
		};
/* End PBXProject section */

/* Begin PBXResourcesBuildPhase section */
		AF43D4012D9334D000EF0ACD /* Resources */ = {
			isa = PBXResourcesBuildPhase;
			buildActionMask = 2147483647;
			files = (
			);
			runOnlyForDeploymentPostprocessing = 0;
		};
		AF43D4172D9334D300EF0ACD /* Resources */ = {
			isa = PBXResourcesBuildPhase;
			buildActionMask = 2147483647;
			files = (
			);
			runOnlyForDeploymentPostprocessing = 0;
		};
		AF43D4212D9334D300EF0ACD /* Resources */ = {
			isa = PBXResourcesBuildPhase;
			buildActionMask = 2147483647;
			files = (
			);
			runOnlyForDeploymentPostprocessing = 0;
		};
/* End PBXResourcesBuildPhase section */

/* Begin PBXSourcesBuildPhase section */
		AF43D3FF2D9334D000EF0ACD /* Sources */ = {
			isa = PBXSourcesBuildPhase;
			buildActionMask = 2147483647;
			files = (
			);
			runOnlyForDeploymentPostprocessing = 0;
		};
		AF43D4152D9334D300EF0ACD /* Sources */ = {
			isa = PBXSourcesBuildPhase;
			buildActionMask = 2147483647;
			files = (
			);
			runOnlyForDeploymentPostprocessing = 0;
		};
		AF43D41F2D9334D300EF0ACD /* Sources */ = {
			isa = PBXSourcesBuildPhase;
			buildActionMask = 2147483647;
			files = (
			);
			runOnlyForDeploymentPostprocessing = 0;
		};
/* End PBXSourcesBuildPhase section */

/* Begin PBXTargetDependency section */
		AF43D41B2D9334D300EF0ACD /* PBXTargetDependency */ = {
			isa = PBXTargetDependency;
			target = AF43D4022D9334D000EF0ACD /* AutoTrackApp */;
			targetProxy = AF43D41A2D9334D300EF0ACD /* PBXContainerItemProxy */;
		};
		AF43D4252D9334D300EF0ACD /* PBXTargetDependency */ = {
			isa = PBXTargetDependency;
			target = AF43D4022D9334D000EF0ACD /* AutoTrackApp */;
			targetProxy = AF43D4242D9334D300EF0ACD /* PBXContainerItemProxy */;
		};
/* End PBXTargetDependency section */

/* Begin XCBuildConfiguration section */
		AF43D42D2D9334D300EF0ACD /* Debug */ = {
			isa = XCBuildConfiguration;
			buildSettings = {
				ASSETCATALOG_COMPILER_APPICON_NAME = AppIcon;
				ASSETCATALOG_COMPILER_GLOBAL_ACCENT_COLOR_NAME = AccentColor;
				CODE_SIGN_STYLE = Automatic;
				CURRENT_PROJECT_VERSION = 1;
				GENERATE_INFOPLIST_FILE = YES;
				INFOPLIST_FILE = AutoTrackApp/Info.plist;
				INFOPLIST_KEY_UIApplicationSupportsIndirectInputEvents = YES;
				INFOPLIST_KEY_UILaunchStoryboardName = LaunchScreen;
				INFOPLIST_KEY_UIMainStoryboardFile = Main;
				INFOPLIST_KEY_UISupportedInterfaceOrientations_iPad = "UIInterfaceOrientationPortrait UIInterfaceOrientationPortraitUpsideDown UIInterfaceOrientationLandscapeLeft UIInterfaceOrientationLandscapeRight";
				INFOPLIST_KEY_UISupportedInterfaceOrientations_iPhone = "UIInterfaceOrientationPortrait UIInterfaceOrientationLandscapeLeft UIInterfaceOrientationLandscapeRight";
				LD_RUNPATH_SEARCH_PATHS = (
					"$(inherited)",
					"@executable_path/Frameworks",
				);
				MARKETING_VERSION = 1.0;
				PRODUCT_BUNDLE_IDENTIFIER = io.github.AutoTrackApp;
				PRODUCT_NAME = "$(TARGET_NAME)";
				SWIFT_EMIT_LOC_STRINGS = YES;
				SWIFT_VERSION = 5.0;
				TARGETED_DEVICE_FAMILY = "1,2";
			};
			name = Debug;
		};
		AF43D42E2D9334D300EF0ACD /* Release */ = {
			isa = XCBuildConfiguration;
			buildSettings = {
				ASSETCATALOG_COMPILER_APPICON_NAME = AppIcon;
				ASSETCATALOG_COMPILER_GLOBAL_ACCENT_COLOR_NAME = AccentColor;
				CODE_SIGN_STYLE = Automatic;
				CURRENT_PROJECT_VERSION = 1;
				GENERATE_INFOPLIST_FILE = YES;
				INFOPLIST_FILE = AutoTrackApp/Info.plist;
				INFOPLIST_KEY_UIApplicationSupportsIndirectInputEvents = YES;
				INFOPLIST_KEY_UILaunchStoryboardName = LaunchScreen;
				INFOPLIST_KEY_UIMainStoryboardFile = Main;
				INFOPLIST_KEY_UISupportedInterfaceOrientations_iPad = "UIInterfaceOrientationPortrait UIInterfaceOrientationPortraitUpsideDown UIInterfaceOrientationLandscapeLeft UIInterfaceOrientationLandscapeRight";
				INFOPLIST_KEY_UISupportedInterfaceOrientations_iPhone = "UIInterfaceOrientationPortrait UIInterfaceOrientationLandscapeLeft UIInterfaceOrientationLandscapeRight";
				LD_RUNPATH_SEARCH_PATHS = (
					"$(inherited)",
					"@executable_path/Frameworks",
				);
				MARKETING_VERSION = 1.0;
				PRODUCT_BUNDLE_IDENTIFIER = io.github.AutoTrackApp;
				PRODUCT_NAME = "$(TARGET_NAME)";
				SWIFT_EMIT_LOC_STRINGS = YES;
				SWIFT_VERSION = 5.0;
				TARGETED_DEVICE_FAMILY = "1,2";
			};
			name = Release;
		};
		AF43D42F2D9334D300EF0ACD /* Debug */ = {
			isa = XCBuildConfiguration;
			buildSettings = {
				ALWAYS_SEARCH_USER_PATHS = NO;
				ASSETCATALOG_COMPILER_GENERATE_SWIFT_ASSET_SYMBOL_EXTENSIONS = YES;
				CLANG_ANALYZER_NONNULL = YES;
				CLANG_ANALYZER_NUMBER_OBJECT_CONVERSION = YES_AGGRESSIVE;
				CLANG_CXX_LANGUAGE_STANDARD = "gnu++20";
				CLANG_ENABLE_MODULES = YES;
				CLANG_ENABLE_OBJC_ARC = YES;
				CLANG_ENABLE_OBJC_WEAK = YES;
				CLANG_WARN_BLOCK_CAPTURE_AUTORELEASING = YES;
				CLANG_WARN_BOOL_CONVERSION = YES;
				CLANG_WARN_COMMA = YES;
				CLANG_WARN_CONSTANT_CONVERSION = YES;
				CLANG_WARN_DEPRECATED_OBJC_IMPLEMENTATIONS = YES;
				CLANG_WARN_DIRECT_OBJC_ISA_USAGE = YES_ERROR;
				CLANG_WARN_DOCUMENTATION_COMMENTS = YES;
				CLANG_WARN_EMPTY_BODY = YES;
				CLANG_WARN_ENUM_CONVERSION = YES;
				CLANG_WARN_INFINITE_RECURSION = YES;
				CLANG_WARN_INT_CONVERSION = YES;
				CLANG_WARN_NON_LITERAL_NULL_CONVERSION = YES;
				CLANG_WARN_OBJC_IMPLICIT_RETAIN_SELF = YES;
				CLANG_WARN_OBJC_LITERAL_CONVERSION = YES;
				CLANG_WARN_OBJC_ROOT_CLASS = YES_ERROR;
				CLANG_WARN_QUOTED_INCLUDE_IN_FRAMEWORK_HEADER = YES;
				CLANG_WARN_RANGE_LOOP_ANALYSIS = YES;
				CLANG_WARN_STRICT_PROTOTYPES = YES;
				CLANG_WARN_SUSPICIOUS_MOVE = YES;
				CLANG_WARN_UNGUARDED_AVAILABILITY = YES_AGGRESSIVE;
				CLANG_WARN_UNREACHABLE_CODE = YES;
				CLANG_WARN__DUPLICATE_METHOD_MATCH = YES;
				COPY_PHASE_STRIP = NO;
				DEBUG_INFORMATION_FORMAT = dwarf;
				ENABLE_STRICT_OBJC_MSGSEND = YES;
				ENABLE_TESTABILITY = YES;
				ENABLE_USER_SCRIPT_SANDBOXING = YES;
				GCC_C_LANGUAGE_STANDARD = gnu17;
				GCC_DYNAMIC_NO_PIC = NO;
				GCC_NO_COMMON_BLOCKS = YES;
				GCC_OPTIMIZATION_LEVEL = 0;
				GCC_PREPROCESSOR_DEFINITIONS = (
					"DEBUG=1",
					"$(inherited)",
				);
				GCC_WARN_64_TO_32_BIT_CONVERSION = YES;
				GCC_WARN_ABOUT_RETURN_TYPE = YES_ERROR;
				GCC_WARN_UNDECLARED_SELECTOR = YES;
				GCC_WARN_UNINITIALIZED_AUTOS = YES_AGGRESSIVE;
				GCC_WARN_UNUSED_FUNCTION = YES;
				GCC_WARN_UNUSED_VARIABLE = YES;
				IPHONEOS_DEPLOYMENT_TARGET = 18.2;
				LOCALIZATION_PREFERS_STRING_CATALOGS = YES;
				MTL_ENABLE_DEBUG_INFO = INCLUDE_SOURCE;
				MTL_FAST_MATH = YES;
				ONLY_ACTIVE_ARCH = YES;
				SDKROOT = iphoneos;
				SWIFT_ACTIVE_COMPILATION_CONDITIONS = "DEBUG $(inherited)";
				SWIFT_OPTIMIZATION_LEVEL = "-Onone";
			};
			name = Debug;
		};
		AF43D4302D9334D300EF0ACD /* Release */ = {
			isa = XCBuildConfiguration;
			buildSettings = {
				ALWAYS_SEARCH_USER_PATHS = NO;
				ASSETCATALOG_COMPILER_GENERATE_SWIFT_ASSET_SYMBOL_EXTENSIONS = YES;
				CLANG_ANALYZER_NONNULL = YES;
				CLANG_ANALYZER_NUMBER_OBJECT_CONVERSION = YES_AGGRESSIVE;
				CLANG_CXX_LANGUAGE_STANDARD = "gnu++20";
				CLANG_ENABLE_MODULES = YES;
				CLANG_ENABLE_OBJC_ARC = YES;
				CLANG_ENABLE_OBJC_WEAK = YES;
				CLANG_WARN_BLOCK_CAPTURE_AUTORELEASING = YES;
				CLANG_WARN_BOOL_CONVERSION = YES;
				CLANG_WARN_COMMA = YES;
				CLANG_WARN_CONSTANT_CONVERSION = YES;
				CLANG_WARN_DEPRECATED_OBJC_IMPLEMENTATIONS = YES;
				CLANG_WARN_DIRECT_OBJC_ISA_USAGE = YES_ERROR;
				CLANG_WARN_DOCUMENTATION_COMMENTS = YES;
				CLANG_WARN_EMPTY_BODY = YES;
				CLANG_WARN_ENUM_CONVERSION = YES;
				CLANG_WARN_INFINITE_RECURSION = YES;
				CLANG_WARN_INT_CONVERSION = YES;
				CLANG_WARN_NON_LITERAL_NULL_CONVERSION = YES;
				CLANG_WARN_OBJC_IMPLICIT_RETAIN_SELF = YES;
				CLANG_WARN_OBJC_LITERAL_CONVERSION = YES;
				CLANG_WARN_OBJC_ROOT_CLASS = YES_ERROR;
				CLANG_WARN_QUOTED_INCLUDE_IN_FRAMEWORK_HEADER = YES;
				CLANG_WARN_RANGE_LOOP_ANALYSIS = YES;
				CLANG_WARN_STRICT_PROTOTYPES = YES;
				CLANG_WARN_SUSPICIOUS_MOVE = YES;
				CLANG_WARN_UNGUARDED_AVAILABILITY = YES_AGGRESSIVE;
				CLANG_WARN_UNREACHABLE_CODE = YES;
				CLANG_WARN__DUPLICATE_METHOD_MATCH = YES;
				COPY_PHASE_STRIP = NO;
				DEBUG_INFORMATION_FORMAT = "dwarf-with-dsym";
				ENABLE_NS_ASSERTIONS = NO;
				ENABLE_STRICT_OBJC_MSGSEND = YES;
				ENABLE_USER_SCRIPT_SANDBOXING = YES;
				GCC_C_LANGUAGE_STANDARD = gnu17;
				GCC_NO_COMMON_BLOCKS = YES;
				GCC_WARN_64_TO_32_BIT_CONVERSION = YES;
				GCC_WARN_ABOUT_RETURN_TYPE = YES_ERROR;
				GCC_WARN_UNDECLARED_SELECTOR = YES;
				GCC_WARN_UNINITIALIZED_AUTOS = YES_AGGRESSIVE;
				GCC_WARN_UNUSED_FUNCTION = YES;
				GCC_WARN_UNUSED_VARIABLE = YES;
				IPHONEOS_DEPLOYMENT_TARGET = 18.2;
				LOCALIZATION_PREFERS_STRING_CATALOGS = YES;
				MTL_ENABLE_DEBUG_INFO = NO;
				MTL_FAST_MATH = YES;
				SDKROOT = iphoneos;
				SWIFT_COMPILATION_MODE = wholemodule;
				VALIDATE_PRODUCT = YES;
			};
			name = Release;
		};
		AF43D4322D9334D300EF0ACD /* Debug */ = {
			isa = XCBuildConfiguration;
			buildSettings = {
				BUNDLE_LOADER = "$(TEST_HOST)";
				CODE_SIGN_STYLE = Automatic;
				CURRENT_PROJECT_VERSION = 1;
				GENERATE_INFOPLIST_FILE = YES;
				IPHONEOS_DEPLOYMENT_TARGET = 18.2;
				MARKETING_VERSION = 1.0;
				PRODUCT_BUNDLE_IDENTIFIER = io.github.AutoTrackAppTests;
				PRODUCT_NAME = "$(TARGET_NAME)";
				SWIFT_EMIT_LOC_STRINGS = NO;
				SWIFT_VERSION = 5.0;
				TARGETED_DEVICE_FAMILY = "1,2";
				TEST_HOST = "$(BUILT_PRODUCTS_DIR)/AutoTrackApp.app/$(BUNDLE_EXECUTABLE_FOLDER_PATH)/AutoTrackApp";
			};
			name = Debug;
		};
		AF43D4332D9334D300EF0ACD /* Release */ = {
			isa = XCBuildConfiguration;
			buildSettings = {
				BUNDLE_LOADER = "$(TEST_HOST)";
				CODE_SIGN_STYLE = Automatic;
				CURRENT_PROJECT_VERSION = 1;
				GENERATE_INFOPLIST_FILE = YES;
				IPHONEOS_DEPLOYMENT_TARGET = 18.2;
				MARKETING_VERSION = 1.0;
				PRODUCT_BUNDLE_IDENTIFIER = io.github.AutoTrackAppTests;
				PRODUCT_NAME = "$(TARGET_NAME)";
				SWIFT_EMIT_LOC_STRINGS = NO;
				SWIFT_VERSION = 5.0;
				TARGETED_DEVICE_FAMILY = "1,2";
				TEST_HOST = "$(BUILT_PRODUCTS_DIR)/AutoTrackApp.app/$(BUNDLE_EXECUTABLE_FOLDER_PATH)/AutoTrackApp";
			};
			name = Release;
		};
		AF43D4352D9334D300EF0ACD /* Debug */ = {
			isa = XCBuildConfiguration;
			buildSettings = {
				CODE_SIGN_STYLE = Automatic;
				CURRENT_PROJECT_VERSION = 1;
				GENERATE_INFOPLIST_FILE = YES;
				MARKETING_VERSION = 1.0;
				PRODUCT_BUNDLE_IDENTIFIER = io.github.AutoTrackAppUITests;
				PRODUCT_NAME = "$(TARGET_NAME)";
				SWIFT_EMIT_LOC_STRINGS = NO;
				SWIFT_VERSION = 5.0;
				TARGETED_DEVICE_FAMILY = "1,2";
				TEST_TARGET_NAME = AutoTrackApp;
			};
			name = Debug;
		};
		AF43D4362D9334D300EF0ACD /* Release */ = {
			isa = XCBuildConfiguration;
			buildSettings = {
				CODE_SIGN_STYLE = Automatic;
				CURRENT_PROJECT_VERSION = 1;
				GENERATE_INFOPLIST_FILE = YES;
				MARKETING_VERSION = 1.0;
				PRODUCT_BUNDLE_IDENTIFIER = io.github.AutoTrackAppUITests;
				PRODUCT_NAME = "$(TARGET_NAME)";
				SWIFT_EMIT_LOC_STRINGS = NO;
				SWIFT_VERSION = 5.0;
				TARGETED_DEVICE_FAMILY = "1,2";
				TEST_TARGET_NAME = AutoTrackApp;
			};
			name = Release;
		};
/* End XCBuildConfiguration section */

/* Begin XCConfigurationList section */
		AF43D3FE2D9334D000EF0ACD /* Build configuration list for PBXProject "AutoTrackApp" */ = {
			isa = XCConfigurationList;
			buildConfigurations = (
				AF43D42F2D9334D300EF0ACD /* Debug */,
				AF43D4302D9334D300EF0ACD /* Release */,
			);
			defaultConfigurationIsVisible = 0;
			defaultConfigurationName = Release;
		};
		AF43D42C2D9334D300EF0ACD /* Build configuration list for PBXNativeTarget "AutoTrackApp" */ = {
			isa = XCConfigurationList;
			buildConfigurations = (
				AF43D42D2D9334D300EF0ACD /* Debug */,
				AF43D42E2D9334D300EF0ACD /* Release */,
			);
			defaultConfigurationIsVisible = 0;
			defaultConfigurationName = Release;
		};
		AF43D4312D9334D300EF0ACD /* Build configuration list for PBXNativeTarget "AutoTrackAppTests" */ = {
			isa = XCConfigurationList;
			buildConfigurations = (
				AF43D4322D9334D300EF0ACD /* Debug */,
				AF43D4332D9334D300EF0ACD /* Release */,
			);
			defaultConfigurationIsVisible = 0;
			defaultConfigurationName = Release;
		};
		AF43D4342D9334D300EF0ACD /* Build configuration list for PBXNativeTarget "AutoTrackAppUITests" */ = {
			isa = XCConfigurationList;
			buildConfigurations = (
				AF43D4352D9334D300EF0ACD /* Debug */,
				AF43D4362D9334D300EF0ACD /* Release */,
			);
			defaultConfigurationIsVisible = 0;
			defaultConfigurationName = Release;
		};
/* End XCConfigurationList section */
	};
	rootObject = AF43D3FB2D9334D000EF0ACD /* Project object */;
}
